
Microsoft Visual Studio Solution File, Format Version 12.00
# Visual Studio Version 16
VisualStudioVersion = 16.0.31410.357
MinimumVisualStudioVersion = 10.0.40219.1
Project("{FAE04EC0-301F-11D3-BF4B-00C04F79EFBC}") = "FFPR_CustomTitleScreen", "FFPR_CustomTitleScreen.csproj", "{27961F85-C065-461F-B7BB-018471654BEE}"
EndProject
Global
	GlobalSection(SolutionConfigurationPlatforms) = preSolution
		Debug|Any CPU = Debug|Any CPU
		Release|Any CPU = Release|Any CPU
	EndGlobalSection
	GlobalSection(ProjectConfigurationPlatforms) = postSolution
		{27961F85-C065-461F-B7BB-018471654BEE}.Debug|Any CPU.ActiveCfg = Debug|Any CPU
		{27961F85-C065-461F-B7BB-018471654BEE}.Debug|Any CPU.Build.0 = Debug|Any CPU
		{27961F85-C065-461F-B7BB-018471654BEE}.Release|Any CPU.ActiveCfg = Release|Any CPU
		{27961F85-C065-461F-B7BB-018471654BEE}.Release|Any CPU.Build.0 = Release|Any CPU
	EndGlobalSection
	GlobalSection(SolutionProperties) = preSolution
		HideSolutionNode = FALSE
	EndGlobalSection
	GlobalSection(ExtensibilityGlobals) = postSolution
		SolutionGuid = {C3957401-B455-4C86-95AA-7EE2FB6FD4D9}
	EndGlobalSection
EndGlobal
